// !$*UTF8*$!
{
	archiveVersion = 1;
	classes = {
	};
	objectVersion = 46;
	objects = {

/* Begin PBXBuildFile section */
		07D9908428325FEC589FD2F5 /* Pods_HotMovies_UTE.framework in Frameworks */ = {isa = PBXBuildFile; fileRef = 1E79531A8482B65FC4D75752 /* Pods_HotMovies_UTE.framework */; };
		2E3D61E01ED98C0500883EB4 /* LoginTextField.swift in Sources */ = {isa = PBXBuildFile; fileRef = 2E3D61DF1ED98C0500883EB4 /* LoginTextField.swift */; };
		2E3D61E31ED9AF5600883EB4 /* DesignButton.swift in Sources */ = {isa = PBXBuildFile; fileRef = 2E3D61E21ED9AF5600883EB4 /* DesignButton.swift */; };
		2E407B071EE0462A00208130 /* ForgetPassViewController.swift in Sources */ = {isa = PBXBuildFile; fileRef = 2E407B061EE0462A00208130 /* ForgetPassViewController.swift */; };
		2E407B091EE04C5900208130 /* UserInfoViewController.swift in Sources */ = {isa = PBXBuildFile; fileRef = 2E407B081EE04C5900208130 /* UserInfoViewController.swift */; };
		2EE078B31ED95A0400B619C3 /* AppDelegate.swift in Sources */ = {isa = PBXBuildFile; fileRef = 2EE078B21ED95A0400B619C3 /* AppDelegate.swift */; };
		2EE078B51ED95A0400B619C3 /* SignInViewController.swift in Sources */ = {isa = PBXBuildFile; fileRef = 2EE078B41ED95A0400B619C3 /* SignInViewController.swift */; };
		2EE078B81ED95A0400B619C3 /* Main.storyboard in Resources */ = {isa = PBXBuildFile; fileRef = 2EE078B61ED95A0400B619C3 /* Main.storyboard */; };
		2EE078BA1ED95A0400B619C3 /* Assets.xcassets in Resources */ = {isa = PBXBuildFile; fileRef = 2EE078B91ED95A0400B619C3 /* Assets.xcassets */; };
		2EE078BD1ED95A0400B619C3 /* LaunchScreen.storyboard in Resources */ = {isa = PBXBuildFile; fileRef = 2EE078BB1ED95A0400B619C3 /* LaunchScreen.storyboard */; };
		2EE078C81ED95A0400B619C3 /* HotMovies_UTETests.swift in Sources */ = {isa = PBXBuildFile; fileRef = 2EE078C71ED95A0400B619C3 /* HotMovies_UTETests.swift */; };
		2EE078D31ED95A0400B619C3 /* HotMovies_UTEUITests.swift in Sources */ = {isa = PBXBuildFile; fileRef = 2EE078D21ED95A0400B619C3 /* HotMovies_UTEUITests.swift */; };
		2EECD3021EE1E27500080789 /* DesignTableViewCell.swift in Sources */ = {isa = PBXBuildFile; fileRef = 2EECD3001EE1E27500080789 /* DesignTableViewCell.swift */; };
		2EECD3031EE1E27500080789 /* DesignTableViewCell.xib in Resources */ = {isa = PBXBuildFile; fileRef = 2EECD3011EE1E27500080789 /* DesignTableViewCell.xib */; };
		2EEE8FA71EDA988A003060A3 /* DesignView.swift in Sources */ = {isa = PBXBuildFile; fileRef = 2EEE8FA61EDA988A003060A3 /* DesignView.swift */; };
		2EEE8FA91EDA991E003060A3 /* SignUpViewController.swift in Sources */ = {isa = PBXBuildFile; fileRef = 2EEE8FA81EDA991E003060A3 /* SignUpViewController.swift */; };
		301F53E01EE4591C0032AD66 /* Downloader.swift in Sources */ = {isa = PBXBuildFile; fileRef = 301F53DF1EE4591C0032AD66 /* Downloader.swift */; };
		304F4F641EE6FC5E006B36BE /* IsShowingTableViewController.swift in Sources */ = {isa = PBXBuildFile; fileRef = 304F4F631EE6FC5E006B36BE /* IsShowingTableViewController.swift */; };
		304F4F661EE6FC70006B36BE /* HasBeenScreenedTableViewController.swift in Sources */ = {isa = PBXBuildFile; fileRef = 304F4F651EE6FC70006B36BE /* HasBeenScreenedTableViewController.swift */; };
		304F4F6A1EE70441006B36BE /* FilmDetailTableViewController.swift in Sources */ = {isa = PBXBuildFile; fileRef = 304F4F691EE70441006B36BE /* FilmDetailTableViewController.swift */; };
		305221401EF380B200ACEB88 /* InternetConnection.swift in Sources */ = {isa = PBXBuildFile; fileRef = 3052213F1EF380B200ACEB88 /* InternetConnection.swift */; };
		305221441EF3882100ACEB88 /* Reachability.swift in Sources */ = {isa = PBXBuildFile; fileRef = 305221431EF3882100ACEB88 /* Reachability.swift */; };
		305995681EDF0C35009C1DD4 /* GoogleService-Info.plist in Resources */ = {isa = PBXBuildFile; fileRef = 305995671EDF0C35009C1DD4 /* GoogleService-Info.plist */; };
		3059956B1EDF12AD009C1DD4 /* Validate.swift in Sources */ = {isa = PBXBuildFile; fileRef = 3059956A1EDF12AD009C1DD4 /* Validate.swift */; };
		306B5FD81EEAADD200FACCFD /* ChoosePlacesViewController.swift in Sources */ = {isa = PBXBuildFile; fileRef = 306B5FD71EEAADD200FACCFD /* ChoosePlacesViewController.swift */; };
		30F1498D1EE070D500E284D5 /* User.swift in Sources */ = {isa = PBXBuildFile; fileRef = 30F1498C1EE070D500E284D5 /* User.swift */; };
		76782B7A1EE7E2060069F859 /* Constants.swift in Sources */ = {isa = PBXBuildFile; fileRef = 76782B791EE7E2060069F859 /* Constants.swift */; };
		D918AD2EC2649B046662092D /* Pods_HotMovies_UTETests.framework in Frameworks */ = {isa = PBXBuildFile; fileRef = 0670A8C1FC023A34059B8F29 /* Pods_HotMovies_UTETests.framework */; };
		E9F453DA69FB2B446778A480 /* Pods_HotMovies_UTEUITests.framework in Frameworks */ = {isa = PBXBuildFile; fileRef = 892EAE197E577950B4558738 /* Pods_HotMovies_UTEUITests.framework */; };
		F72C1D631EE29E2000FE5306 /* ChangePassViewController.swift in Sources */ = {isa = PBXBuildFile; fileRef = F72C1D621EE29E2000FE5306 /* ChangePassViewController.swift */; };
		F72C1D651EE2AFF800FE5306 /* CommingSoonTableViewController.swift in Sources */ = {isa = PBXBuildFile; fileRef = F72C1D641EE2AFF800FE5306 /* CommingSoonTableViewController.swift */; };
		F72C1D691EE2B22800FE5306 /* FilmInfo.swift in Sources */ = {isa = PBXBuildFile; fileRef = F72C1D681EE2B22800FE5306 /* FilmInfo.swift */; };
		F72C1D6D1EE2B4A300FE5306 /* Seat.swift in Sources */ = {isa = PBXBuildFile; fileRef = F72C1D6C1EE2B4A300FE5306 /* Seat.swift */; };
		F72C1D6F1EE2B4DE00FE5306 /* ShowTimeInfo.swift in Sources */ = {isa = PBXBuildFile; fileRef = F72C1D6E1EE2B4DE00FE5306 /* ShowTimeInfo.swift */; };
		F7656EEE1EE7E67300196F93 /* BuyTicketViewController.swift in Sources */ = {isa = PBXBuildFile; fileRef = F7656EED1EE7E67300196F93 /* BuyTicketViewController.swift */; };
		F7656EF01EE7F63E00196F93 /* BorderLabel.swift in Sources */ = {isa = PBXBuildFile; fileRef = F7656EEF1EE7F63E00196F93 /* BorderLabel.swift */; };
		F7656EF21EE7FB0C00196F93 /* YoutubeViewController.swift in Sources */ = {isa = PBXBuildFile; fileRef = F7656EF11EE7FB0C00196F93 /* YoutubeViewController.swift */; };
		F76DBF9F1EF10B9B00E9BFAD /* HistoryTableViewCell.swift in Sources */ = {isa = PBXBuildFile; fileRef = F76DBF9E1EF10B9B00E9BFAD /* HistoryTableViewCell.swift */; };
		F76DBFA11EF10BBE00E9BFAD /* HistoryTableViewController.swift in Sources */ = {isa = PBXBuildFile; fileRef = F76DBFA01EF10BBE00E9BFAD /* HistoryTableViewController.swift */; };
		F76DBFA31EF10D3D00E9BFAD /* History.swift in Sources */ = {isa = PBXBuildFile; fileRef = F76DBFA21EF10D3D00E9BFAD /* History.swift */; };
		F7EF628C1EF50EF50056F24B /* AppUtility.swift in Sources */ = {isa = PBXBuildFile; fileRef = F7EF628B1EF50EF50056F24B /* AppUtility.swift */; };
/* End PBXBuildFile section */

/* Begin PBXContainerItemProxy section */
		2EE078C41ED95A0400B619C3 /* PBXContainerItemProxy */ = {
			isa = PBXContainerItemProxy;
			containerPortal = 2EE078A71ED95A0400B619C3 /* Project object */;
			proxyType = 1;
			remoteGlobalIDString = 2EE078AE1ED95A0400B619C3;
			remoteInfo = HotMovies_UTE;
		};
		2EE078CF1ED95A0400B619C3 /* PBXContainerItemProxy */ = {
			isa = PBXContainerItemProxy;
			containerPortal = 2EE078A71ED95A0400B619C3 /* Project object */;
			proxyType = 1;
			remoteGlobalIDString = 2EE078AE1ED95A0400B619C3;
			remoteInfo = HotMovies_UTE;
		};
/* End PBXContainerItemProxy section */

/* Begin PBXFileReference section */
		03CB53A2E3BF87D5A4E00006 /* Pods-HotMovies_UTETests.release.xcconfig */ = {isa = PBXFileReference; includeInIndex = 1; lastKnownFileType = text.xcconfig; name = "Pods-HotMovies_UTETests.release.xcconfig"; path = "Pods/Target Support Files/Pods-HotMovies_UTETests/Pods-HotMovies_UTETests.release.xcconfig"; sourceTree = "<group>"; };
		0670A8C1FC023A34059B8F29 /* Pods_HotMovies_UTETests.framework */ = {isa = PBXFileReference; explicitFileType = wrapper.framework; includeInIndex = 0; path = Pods_HotMovies_UTETests.framework; sourceTree = BUILT_PRODUCTS_DIR; };
		1E79531A8482B65FC4D75752 /* Pods_HotMovies_UTE.framework */ = {isa = PBXFileReference; explicitFileType = wrapper.framework; includeInIndex = 0; path = Pods_HotMovies_UTE.framework; sourceTree = BUILT_PRODUCTS_DIR; };
		2395458CF2E56E791282E986 /* Pods-HotMovies_UTE.debug.xcconfig */ = {isa = PBXFileReference; includeInIndex = 1; lastKnownFileType = text.xcconfig; name = "Pods-HotMovies_UTE.debug.xcconfig"; path = "Pods/Target Support Files/Pods-HotMovies_UTE/Pods-HotMovies_UTE.debug.xcconfig"; sourceTree = "<group>"; };
		270ACBBBD1334E1477517D3B /* Pods-HotMovies_UTE.release.xcconfig */ = {isa = PBXFileReference; includeInIndex = 1; lastKnownFileType = text.xcconfig; name = "Pods-HotMovies_UTE.release.xcconfig"; path = "Pods/Target Support Files/Pods-HotMovies_UTE/Pods-HotMovies_UTE.release.xcconfig"; sourceTree = "<group>"; };
		2E3D61DF1ED98C0500883EB4 /* LoginTextField.swift */ = {isa = PBXFileReference; fileEncoding = 4; lastKnownFileType = sourcecode.swift; path = LoginTextField.swift; sourceTree = "<group>"; };
		2E3D61E21ED9AF5600883EB4 /* DesignButton.swift */ = {isa = PBXFileReference; fileEncoding = 4; lastKnownFileType = sourcecode.swift; path = DesignButton.swift; sourceTree = "<group>"; };
		2E407B061EE0462A00208130 /* ForgetPassViewController.swift */ = {isa = PBXFileReference; fileEncoding = 4; lastKnownFileType = sourcecode.swift; path = ForgetPassViewController.swift; sourceTree = "<group>"; };
		2E407B081EE04C5900208130 /* UserInfoViewController.swift */ = {isa = PBXFileReference; fileEncoding = 4; lastKnownFileType = sourcecode.swift; path = UserInfoViewController.swift; sourceTree = "<group>"; };
		2EE078AF1ED95A0400B619C3 /* HotMovies_UTE.app */ = {isa = PBXFileReference; explicitFileType = wrapper.application; includeInIndex = 0; path = HotMovies_UTE.app; sourceTree = BUILT_PRODUCTS_DIR; };
		2EE078B21ED95A0400B619C3 /* AppDelegate.swift */ = {isa = PBXFileReference; lastKnownFileType = sourcecode.swift; path = AppDelegate.swift; sourceTree = "<group>"; };
		2EE078B41ED95A0400B619C3 /* SignInViewController.swift */ = {isa = PBXFileReference; lastKnownFileType = sourcecode.swift; path = SignInViewController.swift; sourceTree = "<group>"; };
		2EE078B71ED95A0400B619C3 /* Base */ = {isa = PBXFileReference; lastKnownFileType = file.storyboard; name = Base; path = Base.lproj/Main.storyboard; sourceTree = "<group>"; };
		2EE078B91ED95A0400B619C3 /* Assets.xcassets */ = {isa = PBXFileReference; lastKnownFileType = folder.assetcatalog; path = Assets.xcassets; sourceTree = "<group>"; };
		2EE078BC1ED95A0400B619C3 /* Base */ = {isa = PBXFileReference; lastKnownFileType = file.storyboard; name = Base; path = Base.lproj/LaunchScreen.storyboard; sourceTree = "<group>"; };
		2EE078BE1ED95A0400B619C3 /* Info.plist */ = {isa = PBXFileReference; lastKnownFileType = text.plist.xml; path = Info.plist; sourceTree = "<group>"; };
		2EE078C31ED95A0400B619C3 /* HotMovies_UTETests.xctest */ = {isa = PBXFileReference; explicitFileType = wrapper.cfbundle; includeInIndex = 0; path = HotMovies_UTETests.xctest; sourceTree = BUILT_PRODUCTS_DIR; };
		2EE078C71ED95A0400B619C3 /* HotMovies_UTETests.swift */ = {isa = PBXFileReference; lastKnownFileType = sourcecode.swift; path = HotMovies_UTETests.swift; sourceTree = "<group>"; };
		2EE078C91ED95A0400B619C3 /* Info.plist */ = {isa = PBXFileReference; lastKnownFileType = text.plist.xml; path = Info.plist; sourceTree = "<group>"; };
		2EE078CE1ED95A0400B619C3 /* HotMovies_UTEUITests.xctest */ = {isa = PBXFileReference; explicitFileType = wrapper.cfbundle; includeInIndex = 0; path = HotMovies_UTEUITests.xctest; sourceTree = BUILT_PRODUCTS_DIR; };
		2EE078D21ED95A0400B619C3 /* HotMovies_UTEUITests.swift */ = {isa = PBXFileReference; lastKnownFileType = sourcecode.swift; path = HotMovies_UTEUITests.swift; sourceTree = "<group>"; };
		2EE078D41ED95A0400B619C3 /* Info.plist */ = {isa = PBXFileReference; lastKnownFileType = text.plist.xml; path = Info.plist; sourceTree = "<group>"; };
		2EECD3001EE1E27500080789 /* DesignTableViewCell.swift */ = {isa = PBXFileReference; fileEncoding = 4; lastKnownFileType = sourcecode.swift; path = DesignTableViewCell.swift; sourceTree = "<group>"; };
		2EECD3011EE1E27500080789 /* DesignTableViewCell.xib */ = {isa = PBXFileReference; fileEncoding = 4; lastKnownFileType = file.xib; path = DesignTableViewCell.xib; sourceTree = "<group>"; };
		2EEE8FA61EDA988A003060A3 /* DesignView.swift */ = {isa = PBXFileReference; fileEncoding = 4; lastKnownFileType = sourcecode.swift; path = DesignView.swift; sourceTree = "<group>"; };
		2EEE8FA81EDA991E003060A3 /* SignUpViewController.swift */ = {isa = PBXFileReference; fileEncoding = 4; lastKnownFileType = sourcecode.swift; path = SignUpViewController.swift; sourceTree = "<group>"; };
		301F53DF1EE4591C0032AD66 /* Downloader.swift */ = {isa = PBXFileReference; fileEncoding = 4; lastKnownFileType = sourcecode.swift; path = Downloader.swift; sourceTree = "<group>"; };
		304F4F631EE6FC5E006B36BE /* IsShowingTableViewController.swift */ = {isa = PBXFileReference; fileEncoding = 4; lastKnownFileType = sourcecode.swift; path = IsShowingTableViewController.swift; sourceTree = "<group>"; };
		304F4F651EE6FC70006B36BE /* HasBeenScreenedTableViewController.swift */ = {isa = PBXFileReference; fileEncoding = 4; lastKnownFileType = sourcecode.swift; path = HasBeenScreenedTableViewController.swift; sourceTree = "<group>"; };
		304F4F691EE70441006B36BE /* FilmDetailTableViewController.swift */ = {isa = PBXFileReference; fileEncoding = 4; lastKnownFileType = sourcecode.swift; path = FilmDetailTableViewController.swift; sourceTree = "<group>"; };
		3052213F1EF380B200ACEB88 /* InternetConnection.swift */ = {isa = PBXFileReference; fileEncoding = 4; lastKnownFileType = sourcecode.swift; path = InternetConnection.swift; sourceTree = "<group>"; };
		305221431EF3882100ACEB88 /* Reachability.swift */ = {isa = PBXFileReference; fileEncoding = 4; lastKnownFileType = sourcecode.swift; path = Reachability.swift; sourceTree = "<group>"; };
		305995671EDF0C35009C1DD4 /* GoogleService-Info.plist */ = {isa = PBXFileReference; fileEncoding = 4; lastKnownFileType = text.plist.xml; name = "GoogleService-Info.plist"; path = "../GoogleService-Info.plist"; sourceTree = "<group>"; };
		3059956A1EDF12AD009C1DD4 /* Validate.swift */ = {isa = PBXFileReference; fileEncoding = 4; lastKnownFileType = sourcecode.swift; path = Validate.swift; sourceTree = "<group>"; };
		306B5FD71EEAADD200FACCFD /* ChoosePlacesViewController.swift */ = {isa = PBXFileReference; fileEncoding = 4; lastKnownFileType = sourcecode.swift; path = ChoosePlacesViewController.swift; sourceTree = "<group>"; };
		30F1498C1EE070D500E284D5 /* User.swift */ = {isa = PBXFileReference; fileEncoding = 4; lastKnownFileType = sourcecode.swift; path = User.swift; sourceTree = "<group>"; };
		76782B791EE7E2060069F859 /* Constants.swift */ = {isa = PBXFileReference; fileEncoding = 4; lastKnownFileType = sourcecode.swift; path = Constants.swift; sourceTree = "<group>"; };
		7C1E44AB87E8DA8127F12EB8 /* Pods-HotMovies_UTETests.debug.xcconfig */ = {isa = PBXFileReference; includeInIndex = 1; lastKnownFileType = text.xcconfig; name = "Pods-HotMovies_UTETests.debug.xcconfig"; path = "Pods/Target Support Files/Pods-HotMovies_UTETests/Pods-HotMovies_UTETests.debug.xcconfig"; sourceTree = "<group>"; };
		892EAE197E577950B4558738 /* Pods_HotMovies_UTEUITests.framework */ = {isa = PBXFileReference; explicitFileType = wrapper.framework; includeInIndex = 0; path = Pods_HotMovies_UTEUITests.framework; sourceTree = BUILT_PRODUCTS_DIR; };
		98A13522311E62ACF1DADC27 /* Pods-HotMovies_UTEUITests.release.xcconfig */ = {isa = PBXFileReference; includeInIndex = 1; lastKnownFileType = text.xcconfig; name = "Pods-HotMovies_UTEUITests.release.xcconfig"; path = "Pods/Target Support Files/Pods-HotMovies_UTEUITests/Pods-HotMovies_UTEUITests.release.xcconfig"; sourceTree = "<group>"; };
		F72C1D621EE29E2000FE5306 /* ChangePassViewController.swift */ = {isa = PBXFileReference; fileEncoding = 4; lastKnownFileType = sourcecode.swift; path = ChangePassViewController.swift; sourceTree = "<group>"; };
		F72C1D641EE2AFF800FE5306 /* CommingSoonTableViewController.swift */ = {isa = PBXFileReference; fileEncoding = 4; lastKnownFileType = sourcecode.swift; path = CommingSoonTableViewController.swift; sourceTree = "<group>"; };
		F72C1D681EE2B22800FE5306 /* FilmInfo.swift */ = {isa = PBXFileReference; fileEncoding = 4; lastKnownFileType = sourcecode.swift; path = FilmInfo.swift; sourceTree = "<group>"; };
		F72C1D6C1EE2B4A300FE5306 /* Seat.swift */ = {isa = PBXFileReference; fileEncoding = 4; lastKnownFileType = sourcecode.swift; path = Seat.swift; sourceTree = "<group>"; };
		F72C1D6E1EE2B4DE00FE5306 /* ShowTimeInfo.swift */ = {isa = PBXFileReference; fileEncoding = 4; lastKnownFileType = sourcecode.swift; path = ShowTimeInfo.swift; sourceTree = "<group>"; };
		F7656EED1EE7E67300196F93 /* BuyTicketViewController.swift */ = {isa = PBXFileReference; fileEncoding = 4; lastKnownFileType = sourcecode.swift; path = BuyTicketViewController.swift; sourceTree = "<group>"; };
		F7656EEF1EE7F63E00196F93 /* BorderLabel.swift */ = {isa = PBXFileReference; fileEncoding = 4; lastKnownFileType = sourcecode.swift; path = BorderLabel.swift; sourceTree = "<group>"; };
		F7656EF11EE7FB0C00196F93 /* YoutubeViewController.swift */ = {isa = PBXFileReference; fileEncoding = 4; lastKnownFileType = sourcecode.swift; path = YoutubeViewController.swift; sourceTree = "<group>"; };
		F76DBF9E1EF10B9B00E9BFAD /* HistoryTableViewCell.swift */ = {isa = PBXFileReference; fileEncoding = 4; lastKnownFileType = sourcecode.swift; path = HistoryTableViewCell.swift; sourceTree = "<group>"; };
		F76DBFA01EF10BBE00E9BFAD /* HistoryTableViewController.swift */ = {isa = PBXFileReference; fileEncoding = 4; lastKnownFileType = sourcecode.swift; path = HistoryTableViewController.swift; sourceTree = "<group>"; };
		F76DBFA21EF10D3D00E9BFAD /* History.swift */ = {isa = PBXFileReference; fileEncoding = 4; lastKnownFileType = sourcecode.swift; path = History.swift; sourceTree = "<group>"; };
		F7EF628B1EF50EF50056F24B /* AppUtility.swift */ = {isa = PBXFileReference; fileEncoding = 4; lastKnownFileType = sourcecode.swift; path = AppUtility.swift; sourceTree = "<group>"; };
		FE289ABB0419C727692DE54F /* Pods-HotMovies_UTEUITests.debug.xcconfig */ = {isa = PBXFileReference; includeInIndex = 1; lastKnownFileType = text.xcconfig; name = "Pods-HotMovies_UTEUITests.debug.xcconfig"; path = "Pods/Target Support Files/Pods-HotMovies_UTEUITests/Pods-HotMovies_UTEUITests.debug.xcconfig"; sourceTree = "<group>"; };
/* End PBXFileReference section */

/* Begin PBXFrameworksBuildPhase section */
		2EE078AC1ED95A0400B619C3 /* Frameworks */ = {
			isa = PBXFrameworksBuildPhase;
			buildActionMask = 2147483647;
			files = (
				07D9908428325FEC589FD2F5 /* Pods_HotMovies_UTE.framework in Frameworks */,
			);
			runOnlyForDeploymentPostprocessing = 0;
		};
		2EE078C01ED95A0400B619C3 /* Frameworks */ = {
			isa = PBXFrameworksBuildPhase;
			buildActionMask = 2147483647;
			files = (
				D918AD2EC2649B046662092D /* Pods_HotMovies_UTETests.framework in Frameworks */,
			);
			runOnlyForDeploymentPostprocessing = 0;
		};
		2EE078CB1ED95A0400B619C3 /* Frameworks */ = {
			isa = PBXFrameworksBuildPhase;
			buildActionMask = 2147483647;
			files = (
				E9F453DA69FB2B446778A480 /* Pods_HotMovies_UTEUITests.framework in Frameworks */,
			);
			runOnlyForDeploymentPostprocessing = 0;
		};
/* End PBXFrameworksBuildPhase section */

/* Begin PBXGroup section */
		2E3D61E11ED98C1400883EB4 /* View */ = {
			isa = PBXGroup;
			children = (
				2EE078B61ED95A0400B619C3 /* Main.storyboard */,
				2EE078BB1ED95A0400B619C3 /* LaunchScreen.storyboard */,
				2EECD3011EE1E27500080789 /* DesignTableViewCell.xib */,
				2EECD3001EE1E27500080789 /* DesignTableViewCell.swift */,
				2E3D61DF1ED98C0500883EB4 /* LoginTextField.swift */,
				2E3D61E21ED9AF5600883EB4 /* DesignButton.swift */,
				2EEE8FA61EDA988A003060A3 /* DesignView.swift */,
				F7656EEF1EE7F63E00196F93 /* BorderLabel.swift */,
				F76DBF9E1EF10B9B00E9BFAD /* HistoryTableViewCell.swift */,
			);
			name = View;
			sourceTree = "<group>";
		};
		2E583CD91ED9DDD100630DDA /* Controller */ = {
			isa = PBXGroup;
			children = (
				2EE078B41ED95A0400B619C3 /* SignInViewController.swift */,
				2EEE8FA81EDA991E003060A3 /* SignUpViewController.swift */,
				2E407B061EE0462A00208130 /* ForgetPassViewController.swift */,
				2E407B081EE04C5900208130 /* UserInfoViewController.swift */,
				F72C1D621EE29E2000FE5306 /* ChangePassViewController.swift */,
				F72C1D641EE2AFF800FE5306 /* CommingSoonTableViewController.swift */,
				304F4F631EE6FC5E006B36BE /* IsShowingTableViewController.swift */,
				304F4F651EE6FC70006B36BE /* HasBeenScreenedTableViewController.swift */,
				304F4F691EE70441006B36BE /* FilmDetailTableViewController.swift */,
				F7656EED1EE7E67300196F93 /* BuyTicketViewController.swift */,
				F7656EF11EE7FB0C00196F93 /* YoutubeViewController.swift */,
				306B5FD71EEAADD200FACCFD /* ChoosePlacesViewController.swift */,
				F76DBFA01EF10BBE00E9BFAD /* HistoryTableViewController.swift */,
			);
			name = Controller;
			sourceTree = "<group>";
		};
		2EE078A61ED95A0400B619C3 = {
			isa = PBXGroup;
			children = (
				2EE078B11ED95A0400B619C3 /* HotMovies_UTE */,
				2EE078C61ED95A0400B619C3 /* HotMovies_UTETests */,
				2EE078D11ED95A0400B619C3 /* HotMovies_UTEUITests */,
				2EE078B01ED95A0400B619C3 /* Products */,
				EA943E207FBD8A4D13032936 /* Pods */,
				3C1A9864A528B46AAE542B99 /* Frameworks */,
			);
			sourceTree = "<group>";
		};
		2EE078B01ED95A0400B619C3 /* Products */ = {
			isa = PBXGroup;
			children = (
				2EE078AF1ED95A0400B619C3 /* HotMovies_UTE.app */,
				2EE078C31ED95A0400B619C3 /* HotMovies_UTETests.xctest */,
				2EE078CE1ED95A0400B619C3 /* HotMovies_UTEUITests.xctest */,
			);
			name = Products;
			sourceTree = "<group>";
		};
		2EE078B11ED95A0400B619C3 /* HotMovies_UTE */ = {
			isa = PBXGroup;
			children = (
				30F1498B1EE0702B00E284D5 /* Model */,
				305995691EDF129C009C1DD4 /* Utils */,
				305995671EDF0C35009C1DD4 /* GoogleService-Info.plist */,
				2EE078B91ED95A0400B619C3 /* Assets.xcassets */,
				2EE078BE1ED95A0400B619C3 /* Info.plist */,
				2EE078B21ED95A0400B619C3 /* AppDelegate.swift */,
				2E583CD91ED9DDD100630DDA /* Controller */,
				2E3D61E11ED98C1400883EB4 /* View */,
			);
			path = HotMovies_UTE;
			sourceTree = "<group>";
		};
		2EE078C61ED95A0400B619C3 /* HotMovies_UTETests */ = {
			isa = PBXGroup;
			children = (
				2EE078C71ED95A0400B619C3 /* HotMovies_UTETests.swift */,
				2EE078C91ED95A0400B619C3 /* Info.plist */,
			);
			path = HotMovies_UTETests;
			sourceTree = "<group>";
		};
		2EE078D11ED95A0400B619C3 /* HotMovies_UTEUITests */ = {
			isa = PBXGroup;
			children = (
				2EE078D21ED95A0400B619C3 /* HotMovies_UTEUITests.swift */,
				2EE078D41ED95A0400B619C3 /* Info.plist */,
			);
			path = HotMovies_UTEUITests;
			sourceTree = "<group>";
		};
		305995691EDF129C009C1DD4 /* Utils */ = {
			isa = PBXGroup;
			children = (
				305221431EF3882100ACEB88 /* Reachability.swift */,
				3059956A1EDF12AD009C1DD4 /* Validate.swift */,
				301F53DF1EE4591C0032AD66 /* Downloader.swift */,
				3052213F1EF380B200ACEB88 /* InternetConnection.swift */,
				F7EF628B1EF50EF50056F24B /* AppUtility.swift */,
			);
			name = Utils;
			sourceTree = "<group>";
		};
		30F1498B1EE0702B00E284D5 /* Model */ = {
			isa = PBXGroup;
			children = (
				30F1498C1EE070D500E284D5 /* User.swift */,
				F72C1D681EE2B22800FE5306 /* FilmInfo.swift */,
				F72C1D6C1EE2B4A300FE5306 /* Seat.swift */,
				F72C1D6E1EE2B4DE00FE5306 /* ShowTimeInfo.swift */,
				76782B791EE7E2060069F859 /* Constants.swift */,
				F76DBFA21EF10D3D00E9BFAD /* History.swift */,
			);
			name = Model;
			sourceTree = "<group>";
		};
		3C1A9864A528B46AAE542B99 /* Frameworks */ = {
			isa = PBXGroup;
			children = (
				1E79531A8482B65FC4D75752 /* Pods_HotMovies_UTE.framework */,
				0670A8C1FC023A34059B8F29 /* Pods_HotMovies_UTETests.framework */,
				892EAE197E577950B4558738 /* Pods_HotMovies_UTEUITests.framework */,
			);
			name = Frameworks;
			sourceTree = "<group>";
		};
		EA943E207FBD8A4D13032936 /* Pods */ = {
			isa = PBXGroup;
			children = (
				2395458CF2E56E791282E986 /* Pods-HotMovies_UTE.debug.xcconfig */,
				270ACBBBD1334E1477517D3B /* Pods-HotMovies_UTE.release.xcconfig */,
				7C1E44AB87E8DA8127F12EB8 /* Pods-HotMovies_UTETests.debug.xcconfig */,
				03CB53A2E3BF87D5A4E00006 /* Pods-HotMovies_UTETests.release.xcconfig */,
				FE289ABB0419C727692DE54F /* Pods-HotMovies_UTEUITests.debug.xcconfig */,
				98A13522311E62ACF1DADC27 /* Pods-HotMovies_UTEUITests.release.xcconfig */,
			);
			name = Pods;
			sourceTree = "<group>";
		};
/* End PBXGroup section */

/* Begin PBXNativeTarget section */
		2EE078AE1ED95A0400B619C3 /* HotMovies_UTE */ = {
			isa = PBXNativeTarget;
			buildConfigurationList = 2EE078D71ED95A0400B619C3 /* Build configuration list for PBXNativeTarget "HotMovies_UTE" */;
			buildPhases = (
				2E2B9431522A52B7A38EC137 /* [CP] Check Pods Manifest.lock */,
				2EE078AB1ED95A0400B619C3 /* Sources */,
				2EE078AC1ED95A0400B619C3 /* Frameworks */,
				2EE078AD1ED95A0400B619C3 /* Resources */,
				17E3A6EE0E1F468DCE8423A3 /* [CP] Embed Pods Frameworks */,
				B69A99B505AD56528310A2BE /* [CP] Copy Pods Resources */,
			);
			buildRules = (
			);
			dependencies = (
			);
			name = HotMovies_UTE;
			productName = HotMovies_UTE;
			productReference = 2EE078AF1ED95A0400B619C3 /* HotMovies_UTE.app */;
			productType = "com.apple.product-type.application";
		};
		2EE078C21ED95A0400B619C3 /* HotMovies_UTETests */ = {
			isa = PBXNativeTarget;
			buildConfigurationList = 2EE078DA1ED95A0400B619C3 /* Build configuration list for PBXNativeTarget "HotMovies_UTETests" */;
			buildPhases = (
				9ED0BF3D7B2F303B02F5D951 /* [CP] Check Pods Manifest.lock */,
				2EE078BF1ED95A0400B619C3 /* Sources */,
				2EE078C01ED95A0400B619C3 /* Frameworks */,
				2EE078C11ED95A0400B619C3 /* Resources */,
				26C7F278D840F123CE353C02 /* [CP] Embed Pods Frameworks */,
				CE99C86527C2AD0E80FD5156 /* [CP] Copy Pods Resources */,
			);
			buildRules = (
			);
			dependencies = (
				2EE078C51ED95A0400B619C3 /* PBXTargetDependency */,
			);
			name = HotMovies_UTETests;
			productName = HotMovies_UTETests;
			productReference = 2EE078C31ED95A0400B619C3 /* HotMovies_UTETests.xctest */;
			productType = "com.apple.product-type.bundle.unit-test";
		};
		2EE078CD1ED95A0400B619C3 /* HotMovies_UTEUITests */ = {
			isa = PBXNativeTarget;
			buildConfigurationList = 2EE078DD1ED95A0400B619C3 /* Build configuration list for PBXNativeTarget "HotMovies_UTEUITests" */;
			buildPhases = (
				0D5AD6D8C52287B0E1565F6F /* [CP] Check Pods Manifest.lock */,
				2EE078CA1ED95A0400B619C3 /* Sources */,
				2EE078CB1ED95A0400B619C3 /* Frameworks */,
				2EE078CC1ED95A0400B619C3 /* Resources */,
				19BAA075AC6EF8A74569793E /* [CP] Embed Pods Frameworks */,
				709F691A92DACBE2EC761645 /* [CP] Copy Pods Resources */,
			);
			buildRules = (
			);
			dependencies = (
				2EE078D01ED95A0400B619C3 /* PBXTargetDependency */,
			);
			name = HotMovies_UTEUITests;
			productName = HotMovies_UTEUITests;
			productReference = 2EE078CE1ED95A0400B619C3 /* HotMovies_UTEUITests.xctest */;
			productType = "com.apple.product-type.bundle.ui-testing";
		};
/* End PBXNativeTarget section */

/* Begin PBXProject section */
		2EE078A71ED95A0400B619C3 /* Project object */ = {
			isa = PBXProject;
			attributes = {
				LastSwiftUpdateCheck = 0830;
				LastUpgradeCheck = 0830;
				ORGANIZATIONNAME = "Kiet Nguyen";
				TargetAttributes = {
					2EE078AE1ED95A0400B619C3 = {
						CreatedOnToolsVersion = 8.3.2;
						ProvisioningStyle = Automatic;
					};
					2EE078C21ED95A0400B619C3 = {
						CreatedOnToolsVersion = 8.3.2;
						ProvisioningStyle = Automatic;
						TestTargetID = 2EE078AE1ED95A0400B619C3;
					};
					2EE078CD1ED95A0400B619C3 = {
						CreatedOnToolsVersion = 8.3.2;
						ProvisioningStyle = Automatic;
						TestTargetID = 2EE078AE1ED95A0400B619C3;
					};
				};
			};
			buildConfigurationList = 2EE078AA1ED95A0400B619C3 /* Build configuration list for PBXProject "HotMovies_UTE" */;
			compatibilityVersion = "Xcode 3.2";
			developmentRegion = English;
			hasScannedForEncodings = 0;
			knownRegions = (
				en,
				Base,
			);
			mainGroup = 2EE078A61ED95A0400B619C3;
			productRefGroup = 2EE078B01ED95A0400B619C3 /* Products */;
			projectDirPath = "";
			projectRoot = "";
			targets = (
				2EE078AE1ED95A0400B619C3 /* HotMovies_UTE */,
				2EE078C21ED95A0400B619C3 /* HotMovies_UTETests */,
				2EE078CD1ED95A0400B619C3 /* HotMovies_UTEUITests */,
			);
		};
/* End PBXProject section */

/* Begin PBXResourcesBuildPhase section */
		2EE078AD1ED95A0400B619C3 /* Resources */ = {
			isa = PBXResourcesBuildPhase;
			buildActionMask = 2147483647;
			files = (
				2EE078BD1ED95A0400B619C3 /* LaunchScreen.storyboard in Resources */,
				305995681EDF0C35009C1DD4 /* GoogleService-Info.plist in Resources */,
				2EE078BA1ED95A0400B619C3 /* Assets.xcassets in Resources */,
				2EE078B81ED95A0400B619C3 /* Main.storyboard in Resources */,
				2EECD3031EE1E27500080789 /* DesignTableViewCell.xib in Resources */,
			);
			runOnlyForDeploymentPostprocessing = 0;
		};
		2EE078C11ED95A0400B619C3 /* Resources */ = {
			isa = PBXResourcesBuildPhase;
			buildActionMask = 2147483647;
			files = (
			);
			runOnlyForDeploymentPostprocessing = 0;
		};
		2EE078CC1ED95A0400B619C3 /* Resources */ = {
			isa = PBXResourcesBuildPhase;
			buildActionMask = 2147483647;
			files = (
			);
			runOnlyForDeploymentPostprocessing = 0;
		};
/* End PBXResourcesBuildPhase section */

/* Begin PBXShellScriptBuildPhase section */
		0D5AD6D8C52287B0E1565F6F /* [CP] Check Pods Manifest.lock */ = {
			isa = PBXShellScriptBuildPhase;
			buildActionMask = 2147483647;
			files = (
			);
			inputPaths = (
			);
			name = "[CP] Check Pods Manifest.lock";
			outputPaths = (
			);
			runOnlyForDeploymentPostprocessing = 0;
			shellPath = /bin/sh;
			shellScript = "diff \"${PODS_PODFILE_DIR_PATH}/Podfile.lock\" \"${PODS_ROOT}/Manifest.lock\" > /dev/null\nif [ $? != 0 ] ; then\n    # print error to STDERR\n    echo \"error: The sandbox is not in sync with the Podfile.lock. Run 'pod install' or update your CocoaPods installation.\" >&2\n    exit 1\nfi\n";
			showEnvVarsInLog = 0;
		};
		17E3A6EE0E1F468DCE8423A3 /* [CP] Embed Pods Frameworks */ = {
			isa = PBXShellScriptBuildPhase;
			buildActionMask = 2147483647;
			files = (
			);
			inputPaths = (
			);
			name = "[CP] Embed Pods Frameworks";
			outputPaths = (
			);
			runOnlyForDeploymentPostprocessing = 0;
			shellPath = /bin/sh;
			shellScript = "\"${SRCROOT}/Pods/Target Support Files/Pods-HotMovies_UTE/Pods-HotMovies_UTE-frameworks.sh\"\n";
			showEnvVarsInLog = 0;
		};
		19BAA075AC6EF8A74569793E /* [CP] Embed Pods Frameworks */ = {
			isa = PBXShellScriptBuildPhase;
			buildActionMask = 2147483647;
			files = (
			);
			inputPaths = (
			);
			name = "[CP] Embed Pods Frameworks";
			outputPaths = (
			);
			runOnlyForDeploymentPostprocessing = 0;
			shellPath = /bin/sh;
			shellScript = "\"${SRCROOT}/Pods/Target Support Files/Pods-HotMovies_UTEUITests/Pods-HotMovies_UTEUITests-frameworks.sh\"\n";
			showEnvVarsInLog = 0;
		};
		26C7F278D840F123CE353C02 /* [CP] Embed Pods Frameworks */ = {
			isa = PBXShellScriptBuildPhase;
			buildActionMask = 2147483647;
			files = (
			);
			inputPaths = (
			);
			name = "[CP] Embed Pods Frameworks";
			outputPaths = (
			);
			runOnlyForDeploymentPostprocessing = 0;
			shellPath = /bin/sh;
			shellScript = "\"${SRCROOT}/Pods/Target Support Files/Pods-HotMovies_UTETests/Pods-HotMovies_UTETests-frameworks.sh\"\n";
			showEnvVarsInLog = 0;
		};
		2E2B9431522A52B7A38EC137 /* [CP] Check Pods Manifest.lock */ = {
			isa = PBXShellScriptBuildPhase;
			buildActionMask = 2147483647;
			files = (
			);
			inputPaths = (
			);
			name = "[CP] Check Pods Manifest.lock";
			outputPaths = (
			);
			runOnlyForDeploymentPostprocessing = 0;
			shellPath = /bin/sh;
			shellScript = "diff \"${PODS_PODFILE_DIR_PATH}/Podfile.lock\" \"${PODS_ROOT}/Manifest.lock\" > /dev/null\nif [ $? != 0 ] ; then\n    # print error to STDERR\n    echo \"error: The sandbox is not in sync with the Podfile.lock. Run 'pod install' or update your CocoaPods installation.\" >&2\n    exit 1\nfi\n";
			showEnvVarsInLog = 0;
		};
		709F691A92DACBE2EC761645 /* [CP] Copy Pods Resources */ = {
			isa = PBXShellScriptBuildPhase;
			buildActionMask = 2147483647;
			files = (
			);
			inputPaths = (
			);
			name = "[CP] Copy Pods Resources";
			outputPaths = (
			);
			runOnlyForDeploymentPostprocessing = 0;
			shellPath = /bin/sh;
			shellScript = "\"${SRCROOT}/Pods/Target Support Files/Pods-HotMovies_UTEUITests/Pods-HotMovies_UTEUITests-resources.sh\"\n";
			showEnvVarsInLog = 0;
		};
		9ED0BF3D7B2F303B02F5D951 /* [CP] Check Pods Manifest.lock */ = {
			isa = PBXShellScriptBuildPhase;
			buildActionMask = 2147483647;
			files = (
			);
			inputPaths = (
			);
			name = "[CP] Check Pods Manifest.lock";
			outputPaths = (
			);
			runOnlyForDeploymentPostprocessing = 0;
			shellPath = /bin/sh;
			shellScript = "diff \"${PODS_PODFILE_DIR_PATH}/Podfile.lock\" \"${PODS_ROOT}/Manifest.lock\" > /dev/null\nif [ $? != 0 ] ; then\n    # print error to STDERR\n    echo \"error: The sandbox is not in sync with the Podfile.lock. Run 'pod install' or update your CocoaPods installation.\" >&2\n    exit 1\nfi\n";
			showEnvVarsInLog = 0;
		};
		B69A99B505AD56528310A2BE /* [CP] Copy Pods Resources */ = {
			isa = PBXShellScriptBuildPhase;
			buildActionMask = 2147483647;
			files = (
			);
			inputPaths = (
			);
			name = "[CP] Copy Pods Resources";
			outputPaths = (
			);
			runOnlyForDeploymentPostprocessing = 0;
			shellPath = /bin/sh;
			shellScript = "\"${SRCROOT}/Pods/Target Support Files/Pods-HotMovies_UTE/Pods-HotMovies_UTE-resources.sh\"\n";
			showEnvVarsInLog = 0;
		};
		CE99C86527C2AD0E80FD5156 /* [CP] Copy Pods Resources */ = {
			isa = PBXShellScriptBuildPhase;
			buildActionMask = 2147483647;
			files = (
			);
			inputPaths = (
			);
			name = "[CP] Copy Pods Resources";
			outputPaths = (
			);
			runOnlyForDeploymentPostprocessing = 0;
			shellPath = /bin/sh;
			shellScript = "\"${SRCROOT}/Pods/Target Support Files/Pods-HotMovies_UTETests/Pods-HotMovies_UTETests-resources.sh\"\n";
			showEnvVarsInLog = 0;
		};
/* End PBXShellScriptBuildPhase section */

/* Begin PBXSourcesBuildPhase section */
		2EE078AB1ED95A0400B619C3 /* Sources */ = {
			isa = PBXSourcesBuildPhase;
			buildActionMask = 2147483647;
			files = (
				2EEE8FA91EDA991E003060A3 /* SignUpViewController.swift in Sources */,
				F72C1D691EE2B22800FE5306 /* FilmInfo.swift in Sources */,
				F76DBF9F1EF10B9B00E9BFAD /* HistoryTableViewCell.swift in Sources */,
				F72C1D6D1EE2B4A300FE5306 /* Seat.swift in Sources */,
				304F4F641EE6FC5E006B36BE /* IsShowingTableViewController.swift in Sources */,
				2E3D61E01ED98C0500883EB4 /* LoginTextField.swift in Sources */,
				305221401EF380B200ACEB88 /* InternetConnection.swift in Sources */,
				F76DBFA11EF10BBE00E9BFAD /* HistoryTableViewController.swift in Sources */,
				2EECD3021EE1E27500080789 /* DesignTableViewCell.swift in Sources */,
				76782B7A1EE7E2060069F859 /* Constants.swift in Sources */,
				3059956B1EDF12AD009C1DD4 /* Validate.swift in Sources */,
				2EE078B51ED95A0400B619C3 /* SignInViewController.swift in Sources */,
				2E407B091EE04C5900208130 /* UserInfoViewController.swift in Sources */,
				2EEE8FA71EDA988A003060A3 /* DesignView.swift in Sources */,
				F7EF628C1EF50EF50056F24B /* AppUtility.swift in Sources */,
				301F53E01EE4591C0032AD66 /* Downloader.swift in Sources */,
				304F4F6A1EE70441006B36BE /* FilmDetailTableViewController.swift in Sources */,
				F7656EF01EE7F63E00196F93 /* BorderLabel.swift in Sources */,
				2EE078B31ED95A0400B619C3 /* AppDelegate.swift in Sources */,
				2E407B071EE0462A00208130 /* ForgetPassViewController.swift in Sources */,
				F72C1D631EE29E2000FE5306 /* ChangePassViewController.swift in Sources */,
				306B5FD81EEAADD200FACCFD /* ChoosePlacesViewController.swift in Sources */,
				F72C1D6F1EE2B4DE00FE5306 /* ShowTimeInfo.swift in Sources */,
				30F1498D1EE070D500E284D5 /* User.swift in Sources */,
				F76DBFA31EF10D3D00E9BFAD /* History.swift in Sources */,
				2E3D61E31ED9AF5600883EB4 /* DesignButton.swift in Sources */,
				F7656EF21EE7FB0C00196F93 /* YoutubeViewController.swift in Sources */,
				305221441EF3882100ACEB88 /* Reachability.swift in Sources */,
				F7656EEE1EE7E67300196F93 /* BuyTicketViewController.swift in Sources */,
				F72C1D651EE2AFF800FE5306 /* CommingSoonTableViewController.swift in Sources */,
				304F4F661EE6FC70006B36BE /* HasBeenScreenedTableViewController.swift in Sources */,
			);
			runOnlyForDeploymentPostprocessing = 0;
		};
		2EE078BF1ED95A0400B619C3 /* Sources */ = {
			isa = PBXSourcesBuildPhase;
			buildActionMask = 2147483647;
			files = (
				2EE078C81ED95A0400B619C3 /* HotMovies_UTETests.swift in Sources */,
			);
			runOnlyForDeploymentPostprocessing = 0;
		};
		2EE078CA1ED95A0400B619C3 /* Sources */ = {
			isa = PBXSourcesBuildPhase;
			buildActionMask = 2147483647;
			files = (
				2EE078D31ED95A0400B619C3 /* HotMovies_UTEUITests.swift in Sources */,
			);
			runOnlyForDeploymentPostprocessing = 0;
		};
/* End PBXSourcesBuildPhase section */

/* Begin PBXTargetDependency section */
		2EE078C51ED95A0400B619C3 /* PBXTargetDependency */ = {
			isa = PBXTargetDependency;
			target = 2EE078AE1ED95A0400B619C3 /* HotMovies_UTE */;
			targetProxy = 2EE078C41ED95A0400B619C3 /* PBXContainerItemProxy */;
		};
		2EE078D01ED95A0400B619C3 /* PBXTargetDependency */ = {
			isa = PBXTargetDependency;
			target = 2EE078AE1ED95A0400B619C3 /* HotMovies_UTE */;
			targetProxy = 2EE078CF1ED95A0400B619C3 /* PBXContainerItemProxy */;
		};
/* End PBXTargetDependency section */

/* Begin PBXVariantGroup section */
		2EE078B61ED95A0400B619C3 /* Main.storyboard */ = {
			isa = PBXVariantGroup;
			children = (
				2EE078B71ED95A0400B619C3 /* Base */,
			);
			name = Main.storyboard;
			sourceTree = "<group>";
		};
		2EE078BB1ED95A0400B619C3 /* LaunchScreen.storyboard */ = {
			isa = PBXVariantGroup;
			children = (
				2EE078BC1ED95A0400B619C3 /* Base */,
			);
			name = LaunchScreen.storyboard;
			sourceTree = "<group>";
		};
/* End PBXVariantGroup section */

/* Begin XCBuildConfiguration section */
		2EE078D51ED95A0400B619C3 /* Debug */ = {
			isa = XCBuildConfiguration;
			buildSettings = {
				ALWAYS_SEARCH_USER_PATHS = NO;
				CLANG_ANALYZER_NONNULL = YES;
				CLANG_ANALYZER_NUMBER_OBJECT_CONVERSION = YES_AGGRESSIVE;
				CLANG_CXX_LANGUAGE_STANDARD = "gnu++0x";
				CLANG_CXX_LIBRARY = "libc++";
				CLANG_ENABLE_MODULES = YES;
				CLANG_ENABLE_OBJC_ARC = YES;
				CLANG_WARN_BOOL_CONVERSION = YES;
				CLANG_WARN_CONSTANT_CONVERSION = YES;
				CLANG_WARN_DIRECT_OBJC_ISA_USAGE = YES_ERROR;
				CLANG_WARN_DOCUMENTATION_COMMENTS = YES;
				CLANG_WARN_EMPTY_BODY = YES;
				CLANG_WARN_ENUM_CONVERSION = YES;
				CLANG_WARN_INFINITE_RECURSION = YES;
				CLANG_WARN_INT_CONVERSION = YES;
				CLANG_WARN_OBJC_ROOT_CLASS = YES_ERROR;
				CLANG_WARN_SUSPICIOUS_MOVE = YES;
				CLANG_WARN_UNREACHABLE_CODE = YES;
				CLANG_WARN__DUPLICATE_METHOD_MATCH = YES;
				"CODE_SIGN_IDENTITY[sdk=iphoneos*]" = "iPhone Developer";
				COPY_PHASE_STRIP = NO;
				DEBUG_INFORMATION_FORMAT = dwarf;
				ENABLE_STRICT_OBJC_MSGSEND = YES;
				ENABLE_TESTABILITY = YES;
				GCC_C_LANGUAGE_STANDARD = gnu99;
				GCC_DYNAMIC_NO_PIC = NO;
				GCC_NO_COMMON_BLOCKS = YES;
				GCC_OPTIMIZATION_LEVEL = 0;
				GCC_PREPROCESSOR_DEFINITIONS = (
					"DEBUG=1",
					"$(inherited)",
				);
				GCC_WARN_64_TO_32_BIT_CONVERSION = YES;
				GCC_WARN_ABOUT_RETURN_TYPE = YES_ERROR;
				GCC_WARN_UNDECLARED_SELECTOR = YES;
				GCC_WARN_UNINITIALIZED_AUTOS = YES_AGGRESSIVE;
				GCC_WARN_UNUSED_FUNCTION = YES;
				GCC_WARN_UNUSED_VARIABLE = YES;
				IPHONEOS_DEPLOYMENT_TARGET = 10.3;
				MTL_ENABLE_DEBUG_INFO = YES;
				ONLY_ACTIVE_ARCH = YES;
				SDKROOT = iphoneos;
				SWIFT_ACTIVE_COMPILATION_CONDITIONS = DEBUG;
				SWIFT_OPTIMIZATION_LEVEL = "-Onone";
			};
			name = Debug;
		};
		2EE078D61ED95A0400B619C3 /* Release */ = {
			isa = XCBuildConfiguration;
			buildSettings = {
				ALWAYS_SEARCH_USER_PATHS = NO;
				CLANG_ANALYZER_NONNULL = YES;
				CLANG_ANALYZER_NUMBER_OBJECT_CONVERSION = YES_AGGRESSIVE;
				CLANG_CXX_LANGUAGE_STANDARD = "gnu++0x";
				CLANG_CXX_LIBRARY = "libc++";
				CLANG_ENABLE_MODULES = YES;
				CLANG_ENABLE_OBJC_ARC = YES;
				CLANG_WARN_BOOL_CONVERSION = YES;
				CLANG_WARN_CONSTANT_CONVERSION = YES;
				CLANG_WARN_DIRECT_OBJC_ISA_USAGE = YES_ERROR;
				CLANG_WARN_DOCUMENTATION_COMMENTS = YES;
				CLANG_WARN_EMPTY_BODY = YES;
				CLANG_WARN_ENUM_CONVERSION = YES;
				CLANG_WARN_INFINITE_RECURSION = YES;
				CLANG_WARN_INT_CONVERSION = YES;
				CLANG_WARN_OBJC_ROOT_CLASS = YES_ERROR;
				CLANG_WARN_SUSPICIOUS_MOVE = YES;
				CLANG_WARN_UNREACHABLE_CODE = YES;
				CLANG_WARN__DUPLICATE_METHOD_MATCH = YES;
				"CODE_SIGN_IDENTITY[sdk=iphoneos*]" = "iPhone Developer";
				COPY_PHASE_STRIP = NO;
				DEBUG_INFORMATION_FORMAT = "dwarf-with-dsym";
				ENABLE_NS_ASSERTIONS = NO;
				ENABLE_STRICT_OBJC_MSGSEND = YES;
				GCC_C_LANGUAGE_STANDARD = gnu99;
				GCC_NO_COMMON_BLOCKS = YES;
				GCC_WARN_64_TO_32_BIT_CONVERSION = YES;
				GCC_WARN_ABOUT_RETURN_TYPE = YES_ERROR;
				GCC_WARN_UNDECLARED_SELECTOR = YES;
				GCC_WARN_UNINITIALIZED_AUTOS = YES_AGGRESSIVE;
				GCC_WARN_UNUSED_FUNCTION = YES;
				GCC_WARN_UNUSED_VARIABLE = YES;
				IPHONEOS_DEPLOYMENT_TARGET = 10.3;
				MTL_ENABLE_DEBUG_INFO = NO;
				SDKROOT = iphoneos;
				SWIFT_OPTIMIZATION_LEVEL = "-Owholemodule";
				VALIDATE_PRODUCT = YES;
			};
			name = Release;
		};
		2EE078D81ED95A0400B619C3 /* Debug */ = {
			isa = XCBuildConfiguration;
			baseConfigurationReference = 2395458CF2E56E791282E986 /* Pods-HotMovies_UTE.debug.xcconfig */;
			buildSettings = {
				ASSETCATALOG_COMPILER_APPICON_NAME = AppIcon;
				INFOPLIST_FILE = HotMovies_UTE/Info.plist;
				IPHONEOS_DEPLOYMENT_TARGET = 9.0;
				LD_RUNPATH_SEARCH_PATHS = "$(inherited) @executable_path/Frameworks";
				PRODUCT_BUNDLE_IDENTIFIER = "Group-9---iOSUTE.HotMovies-UTE";
				PRODUCT_NAME = "$(TARGET_NAME)";
				SWIFT_VERSION = 3.0;
			};
			name = Debug;
		};
		2EE078D91ED95A0400B619C3 /* Release */ = {
			isa = XCBuildConfiguration;
			baseConfigurationReference = 270ACBBBD1334E1477517D3B /* Pods-HotMovies_UTE.release.xcconfig */;
			buildSettings = {
				ASSETCATALOG_COMPILER_APPICON_NAME = AppIcon;
				INFOPLIST_FILE = HotMovies_UTE/Info.plist;
				IPHONEOS_DEPLOYMENT_TARGET = 9.0;
				LD_RUNPATH_SEARCH_PATHS = "$(inherited) @executable_path/Frameworks";
				PRODUCT_BUNDLE_IDENTIFIER = "Group-9---iOSUTE.HotMovies-UTE";
				PRODUCT_NAME = "$(TARGET_NAME)";
				SWIFT_VERSION = 3.0;
			};
			name = Release;
		};
		2EE078DB1ED95A0400B619C3 /* Debug */ = {
			isa = XCBuildConfiguration;
			baseConfigurationReference = 7C1E44AB87E8DA8127F12EB8 /* Pods-HotMovies_UTETests.debug.xcconfig */;
			buildSettings = {
				ALWAYS_EMBED_SWIFT_STANDARD_LIBRARIES = YES;
				BUNDLE_LOADER = "$(TEST_HOST)";
				INFOPLIST_FILE = HotMovies_UTETests/Info.plist;
				LD_RUNPATH_SEARCH_PATHS = "$(inherited) @executable_path/Frameworks @loader_path/Frameworks";
				PRODUCT_BUNDLE_IDENTIFIER = "Group-9---iOSUTE.HotMovies-UTETests";
				PRODUCT_NAME = "$(TARGET_NAME)";
				SWIFT_VERSION = 3.0;
				TEST_HOST = "$(BUILT_PRODUCTS_DIR)/HotMovies_UTE.app/HotMovies_UTE";
			};
			name = Debug;
		};
		2EE078DC1ED95A0400B619C3 /* Release */ = {
			isa = XCBuildConfiguration;
			baseConfigurationReference = 03CB53A2E3BF87D5A4E00006 /* Pods-HotMovies_UTETests.release.xcconfig */;
			buildSettings = {
				ALWAYS_EMBED_SWIFT_STANDARD_LIBRARIES = YES;
				BUNDLE_LOADER = "$(TEST_HOST)";
				INFOPLIST_FILE = HotMovies_UTETests/Info.plist;
				LD_RUNPATH_SEARCH_PATHS = "$(inherited) @executable_path/Frameworks @loader_path/Frameworks";
				PRODUCT_BUNDLE_IDENTIFIER = "Group-9---iOSUTE.HotMovies-UTETests";
				PRODUCT_NAME = "$(TARGET_NAME)";
				SWIFT_VERSION = 3.0;
				TEST_HOST = "$(BUILT_PRODUCTS_DIR)/HotMovies_UTE.app/HotMovies_UTE";
			};
			name = Release;
		};
		2EE078DE1ED95A0400B619C3 /* Debug */ = {
			isa = XCBuildConfiguration;
			baseConfigurationReference = FE289ABB0419C727692DE54F /* Pods-HotMovies_UTEUITests.debug.xcconfig */;
			buildSettings = {
				ALWAYS_EMBED_SWIFT_STANDARD_LIBRARIES = YES;
				INFOPLIST_FILE = HotMovies_UTEUITests/Info.plist;
				LD_RUNPATH_SEARCH_PATHS = "$(inherited) @executable_path/Frameworks @loader_path/Frameworks";
				PRODUCT_BUNDLE_IDENTIFIER = "Group-9---iOSUTE.HotMovies-UTEUITests";
				PRODUCT_NAME = "$(TARGET_NAME)";
				SWIFT_VERSION = 3.0;
				TEST_TARGET_NAME = HotMovies_UTE;
			};
			name = Debug;
		};
		2EE078DF1ED95A0400B619C3 /* Release */ = {
			isa = XCBuildConfiguration;
			baseConfigurationReference = 98A13522311E62ACF1DADC27 /* Pods-HotMovies_UTEUITests.release.xcconfig */;
			buildSettings = {
				ALWAYS_EMBED_SWIFT_STANDARD_LIBRARIES = YES;
				INFOPLIST_FILE = HotMovies_UTEUITests/Info.plist;
				LD_RUNPATH_SEARCH_PATHS = "$(inherited) @executable_path/Frameworks @loader_path/Frameworks";
				PRODUCT_BUNDLE_IDENTIFIER = "Group-9---iOSUTE.HotMovies-UTEUITests";
				PRODUCT_NAME = "$(TARGET_NAME)";
				SWIFT_VERSION = 3.0;
				TEST_TARGET_NAME = HotMovies_UTE;
			};
			name = Release;
		};
/* End XCBuildConfiguration section */

/* Begin XCConfigurationList section */
		2EE078AA1ED95A0400B619C3 /* Build configuration list for PBXProject "HotMovies_UTE" */ = {
			isa = XCConfigurationList;
			buildConfigurations = (
				2EE078D51ED95A0400B619C3 /* Debug */,
				2EE078D61ED95A0400B619C3 /* Release */,
			);
			defaultConfigurationIsVisible = 0;
			defaultConfigurationName = Release;
		};
		2EE078D71ED95A0400B619C3 /* Build configuration list for PBXNativeTarget "HotMovies_UTE" */ = {
			isa = XCConfigurationList;
			buildConfigurations = (
				2EE078D81ED95A0400B619C3 /* Debug */,
				2EE078D91ED95A0400B619C3 /* Release */,
			);
			defaultConfigurationIsVisible = 0;
			defaultConfigurationName = Release;
		};
		2EE078DA1ED95A0400B619C3 /* Build configuration list for PBXNativeTarget "HotMovies_UTETests" */ = {
			isa = XCConfigurationList;
			buildConfigurations = (
				2EE078DB1ED95A0400B619C3 /* Debug */,
				2EE078DC1ED95A0400B619C3 /* Release */,
			);
			defaultConfigurationIsVisible = 0;
			defaultConfigurationName = Release;
		};
		2EE078DD1ED95A0400B619C3 /* Build configuration list for PBXNativeTarget "HotMovies_UTEUITests" */ = {
			isa = XCConfigurationList;
			buildConfigurations = (
				2EE078DE1ED95A0400B619C3 /* Debug */,
				2EE078DF1ED95A0400B619C3 /* Release */,
			);
			defaultConfigurationIsVisible = 0;
			defaultConfigurationName = Release;
		};
/* End XCConfigurationList section */
	};
	rootObject = 2EE078A71ED95A0400B619C3 /* Project object */;
}
